github.com/go-faker/faker/v4 v4.2.0 h1:dGebOupKwssrODV51E0zbMrv5e2gO9VWSLNC1WDCpWg=
github.com/go-faker/faker/v4 v4.2.0/go.mod h1:F/bBy8GH9NxOxMInug5Gx4WYeG6fHJZ8Ol/dhcpRub4=
github.com/iancoleman/strcase v0.2.0 h1:05I4QRnGpI0m37iZQRuskXh+w77mr6Z41lwQzuHLwW0=
github.com/iancoleman/strcase v0.2.0/go.mod h1:iwCmte+B7n89clKwxIoIXy/HfoL7AsD47ZCWhYzw7ho=
github.com/kelseyhightower/envconfig v1.4.0 h1:Im6hONhd3pLkfDFsbRgu68RDNkGF1r3dvMUtDTo2cv8=
github.com/kelseyhightower/envconfig v1.4.0/go.mod h1:cccZRl6mQpaq41TPp5QxidR+Sa3axMbJDNb//FQX6Gg=
github.com/mvrilo/go-cpf v0.0.0-20150109121854-4113d38c8d21 h1:YPCOJF8DBm+WyORRxVj6maVZkx/Von4+JxfNJ8DjJhw=
github.com/mvrilo/go-cpf v0.0.0-20150109121854-4113d38c8d21/go.mod h1:yYdoTli5ejfoOkQX4/hP97HEoULZBMTRhiD0p9UM/oc=
github.com/starkbank/ecdsa-go/v2 v2.0.0 h1:M8G8M+azTlslvMYHk71OiRrxpZHhM/fNLy+n2SEKT1E=
github.com/starkbank/ecdsa-go/v2 v2.0.0/go.mod h1:NpEPAoZotqZ07mL2DnHm0ADSWZ3ujn6rSXN33oeAkj4=
github.com/starkbank/sdk-go v0.4.1 h1:m2clXF7pRqPW6OSu9KWI7QkaNYlMn8hlaMl+dZff3Y0=
github.com/starkbank/sdk-go v0.4.1/go.mod h1:lPPGvkTe0b7GOa1WrgEjrCt2NItJSDAky66Ejq2/uJ0=
github.com/starkinfra/core-go v0.2.1 h1:YqwbjLunZ4N1H1XKMhkZYyYkBxIolihC90nHZpHCuso=
github.com/starkinfra/core-go v0.2.1/go.mod h1:0stc52jillPHnTOhDWsPYdTHkZOPGfpNgpVLId9O8jI=
golang.org/x/text v0.3.7 h1:olpwvP2KacW1ZWvsR7uQhoyTYvKAupfQrRGBFM352Gk=
golang.org/x/text v0.3.7/go.mod h1:u+2+/6zg+i71rQMx5EYifcz6MCKuco9NR6JIITiCfzQ=
